// !$*UTF8*$!
{
	archiveVersion = 1;
	classes = {
	};
	objectVersion = 56;
	objects = {

/* Begin PBXBuildFile section */
		044094B32AA710EE00FC08B7 /* SampleProjectApp.swift in Sources */ = {isa = PBXBuildFile; fileRef = 044094B22AA710EE00FC08B7 /* SampleProjectApp.swift */; };
		044094B52AA710EE00FC08B7 /* ContentView.swift in Sources */ = {isa = PBXBuildFile; fileRef = 044094B42AA710EE00FC08B7 /* ContentView.swift */; };
		044094B72AA710EF00FC08B7 /* Assets.xcassets in Resources */ = {isa = PBXBuildFile; fileRef = 044094B62AA710EF00FC08B7 /* Assets.xcassets */; };
		044094BA2AA710EF00FC08B7 /* Preview Assets.xcassets in Resources */ = {isa = PBXBuildFile; fileRef = 044094B92AA710EF00FC08B7 /* Preview Assets.xcassets */; };
		044094C42AA710EF00FC08B7 /* SampleProjectTests.swift in Sources */ = {isa = PBXBuildFile; fileRef = 044094C32AA710EF00FC08B7 /* SampleProjectTests.swift */; };
		044094CE2AA710EF00FC08B7 /* SampleProjectUITests.swift in Sources */ = {isa = PBXBuildFile; fileRef = 044094CD2AA710EF00FC08B7 /* SampleProjectUITests.swift */; };
		044094D02AA710EF00FC08B7 /* SampleProjectUITestsLaunchTests.swift in Sources */ = {isa = PBXBuildFile; fileRef = 044094CF2AA710EF00FC08B7 /* SampleProjectUITestsLaunchTests.swift */; };
		044094E02AA7317200FC08B7 /* CreateView.swift in Sources */ = {isa = PBXBuildFile; fileRef = 044094DF2AA7317200FC08B7 /* CreateView.swift */; };
		044094E92AA748D900FC08B7 /* TodosDataModel.xcdatamodeld in Sources */ = {isa = PBXBuildFile; fileRef = 044094E72AA748D900FC08B7 /* TodosDataModel.xcdatamodeld */; };
		044094EB2AA74A3300FC08B7 /* Todo.swift in Sources */ = {isa = PBXBuildFile; fileRef = 044094EA2AA74A3300FC08B7 /* Todo.swift */; };
		044094EF2AA74C1C00FC08B7 /* TodoProvider.swift in Sources */ = {isa = PBXBuildFile; fileRef = 044094EE2AA74C1C00FC08B7 /* TodoProvider.swift */; };
		044094F12AA7505E00FC08B7 /* TodoRowView.swift in Sources */ = {isa = PBXBuildFile; fileRef = 044094F02AA7505E00FC08B7 /* TodoRowView.swift */; };
		044094F62AA7593E00FC08B7 /* TodoObservable.swift in Sources */ = {isa = PBXBuildFile; fileRef = 044094F52AA7593E00FC08B7 /* TodoObservable.swift */; };
		044094F82AA76B0100FC08B7 /* UpdateView.swift in Sources */ = {isa = PBXBuildFile; fileRef = 044094F72AA76B0100FC08B7 /* UpdateView.swift */; };
		04A24AD02AA80D8D00DADDC5 /* UserViewModel.swift in Sources */ = {isa = PBXBuildFile; fileRef = 04A24ACF2AA80D8D00DADDC5 /* UserViewModel.swift */; };
		04A24AD32AA80EE400DADDC5 /* Users.swift in Sources */ = {isa = PBXBuildFile; fileRef = 04A24AD22AA80EE400DADDC5 /* Users.swift */; };
		04C2CF6F2AA813F400F1B7B5 /* ATodo.swift in Sources */ = {isa = PBXBuildFile; fileRef = 04C2CF6E2AA813F400F1B7B5 /* ATodo.swift */; };
		04C2CF712AA8144300F1B7B5 /* TodoViewModel.swift in Sources */ = {isa = PBXBuildFile; fileRef = 04C2CF702AA8144300F1B7B5 /* TodoViewModel.swift */; };
		04C2CF752AA815D100F1B7B5 /* ATodoRowView.swift in Sources */ = {isa = PBXBuildFile; fileRef = 04C2CF742AA815D100F1B7B5 /* ATodoRowView.swift */; };
		04C2CF772AA824BB00F1B7B5 /* Joke.swift in Sources */ = {isa = PBXBuildFile; fileRef = 04C2CF762AA824BB00F1B7B5 /* Joke.swift */; };
/* End PBXBuildFile section */

/* Begin PBXContainerItemProxy section */
		044094C02AA710EF00FC08B7 /* PBXContainerItemProxy */ = {
			isa = PBXContainerItemProxy;
			containerPortal = 044094A72AA710EE00FC08B7 /* Project object */;
			proxyType = 1;
			remoteGlobalIDString = 044094AE2AA710EE00FC08B7;
			remoteInfo = SampleProject;
		};
		044094CA2AA710EF00FC08B7 /* PBXContainerItemProxy */ = {
			isa = PBXContainerItemProxy;
			containerPortal = 044094A72AA710EE00FC08B7 /* Project object */;
			proxyType = 1;
			remoteGlobalIDString = 044094AE2AA710EE00FC08B7;
			remoteInfo = SampleProject;
		};
/* End PBXContainerItemProxy section */

/* Begin PBXFileReference section */
		044094AF2AA710EE00FC08B7 /* SampleProject.app */ = {isa = PBXFileReference; explicitFileType = wrapper.application; includeInIndex = 0; path = SampleProject.app; sourceTree = BUILT_PRODUCTS_DIR; };
		044094B22AA710EE00FC08B7 /* SampleProjectApp.swift */ = {isa = PBXFileReference; lastKnownFileType = sourcecode.swift; path = SampleProjectApp.swift; sourceTree = "<group>"; };
		044094B42AA710EE00FC08B7 /* ContentView.swift */ = {isa = PBXFileReference; lastKnownFileType = sourcecode.swift; path = ContentView.swift; sourceTree = "<group>"; };
		044094B62AA710EF00FC08B7 /* Assets.xcassets */ = {isa = PBXFileReference; lastKnownFileType = folder.assetcatalog; path = Assets.xcassets; sourceTree = "<group>"; };
		044094B92AA710EF00FC08B7 /* Preview Assets.xcassets */ = {isa = PBXFileReference; lastKnownFileType = folder.assetcatalog; path = "Preview Assets.xcassets"; sourceTree = "<group>"; };
		044094BF2AA710EF00FC08B7 /* SampleProjectTests.xctest */ = {isa = PBXFileReference; explicitFileType = wrapper.cfbundle; includeInIndex = 0; path = SampleProjectTests.xctest; sourceTree = BUILT_PRODUCTS_DIR; };
		044094C32AA710EF00FC08B7 /* SampleProjectTests.swift */ = {isa = PBXFileReference; lastKnownFileType = sourcecode.swift; path = SampleProjectTests.swift; sourceTree = "<group>"; };
		044094C92AA710EF00FC08B7 /* SampleProjectUITests.xctest */ = {isa = PBXFileReference; explicitFileType = wrapper.cfbundle; includeInIndex = 0; path = SampleProjectUITests.xctest; sourceTree = BUILT_PRODUCTS_DIR; };
		044094CD2AA710EF00FC08B7 /* SampleProjectUITests.swift */ = {isa = PBXFileReference; lastKnownFileType = sourcecode.swift; path = SampleProjectUITests.swift; sourceTree = "<group>"; };
		044094CF2AA710EF00FC08B7 /* SampleProjectUITestsLaunchTests.swift */ = {isa = PBXFileReference; lastKnownFileType = sourcecode.swift; path = SampleProjectUITestsLaunchTests.swift; sourceTree = "<group>"; };
		044094DC2AA7140C00FC08B7 /* Info.plist */ = {isa = PBXFileReference; lastKnownFileType = text.plist; path = Info.plist; sourceTree = "<group>"; };
		044094DF2AA7317200FC08B7 /* CreateView.swift */ = {isa = PBXFileReference; lastKnownFileType = sourcecode.swift; path = CreateView.swift; sourceTree = "<group>"; };
		044094E82AA748D900FC08B7 /* TodosDataModel.xcdatamodel */ = {isa = PBXFileReference; lastKnownFileType = wrapper.xcdatamodel; path = TodosDataModel.xcdatamodel; sourceTree = "<group>"; };
		044094EA2AA74A3300FC08B7 /* Todo.swift */ = {isa = PBXFileReference; lastKnownFileType = sourcecode.swift; path = Todo.swift; sourceTree = "<group>"; };
		044094EE2AA74C1C00FC08B7 /* TodoProvider.swift */ = {isa = PBXFileReference; lastKnownFileType = sourcecode.swift; path = TodoProvider.swift; sourceTree = "<group>"; };
		044094F02AA7505E00FC08B7 /* TodoRowView.swift */ = {isa = PBXFileReference; lastKnownFileType = sourcecode.swift; path = TodoRowView.swift; sourceTree = "<group>"; };
		044094F52AA7593E00FC08B7 /* TodoObservable.swift */ = {isa = PBXFileReference; lastKnownFileType = sourcecode.swift; path = TodoObservable.swift; sourceTree = "<group>"; };
		044094F72AA76B0100FC08B7 /* UpdateView.swift */ = {isa = PBXFileReference; lastKnownFileType = sourcecode.swift; path = UpdateView.swift; sourceTree = "<group>"; };
		04A24ACF2AA80D8D00DADDC5 /* UserViewModel.swift */ = {isa = PBXFileReference; lastKnownFileType = sourcecode.swift; path = UserViewModel.swift; sourceTree = "<group>"; };
		04A24AD22AA80EE400DADDC5 /* Users.swift */ = {isa = PBXFileReference; lastKnownFileType = sourcecode.swift; path = Users.swift; sourceTree = "<group>"; };
		04C2CF6E2AA813F400F1B7B5 /* ATodo.swift */ = {isa = PBXFileReference; lastKnownFileType = sourcecode.swift; path = ATodo.swift; sourceTree = "<group>"; };
		04C2CF702AA8144300F1B7B5 /* TodoViewModel.swift */ = {isa = PBXFileReference; lastKnownFileType = sourcecode.swift; path = TodoViewModel.swift; sourceTree = "<group>"; };
		04C2CF742AA815D100F1B7B5 /* ATodoRowView.swift */ = {isa = PBXFileReference; lastKnownFileType = sourcecode.swift; path = ATodoRowView.swift; sourceTree = "<group>"; };
		04C2CF762AA824BB00F1B7B5 /* Joke.swift */ = {isa = PBXFileReference; lastKnownFileType = sourcecode.swift; path = Joke.swift; sourceTree = "<group>"; };
/* End PBXFileReference section */

/* Begin PBXFrameworksBuildPhase section */
		044094AC2AA710EE00FC08B7 /* Frameworks */ = {
			isa = PBXFrameworksBuildPhase;
			buildActionMask = 2147483647;
			files = (
			);
			runOnlyForDeploymentPostprocessing = 0;
		};
		044094BC2AA710EF00FC08B7 /* Frameworks */ = {
			isa = PBXFrameworksBuildPhase;
			buildActionMask = 2147483647;
			files = (
			);
			runOnlyForDeploymentPostprocessing = 0;
		};
		044094C62AA710EF00FC08B7 /* Frameworks */ = {
			isa = PBXFrameworksBuildPhase;
			buildActionMask = 2147483647;
			files = (
			);
			runOnlyForDeploymentPostprocessing = 0;
		};
/* End PBXFrameworksBuildPhase section */

/* Begin PBXGroup section */
		044094A62AA710EE00FC08B7 = {
			isa = PBXGroup;
			children = (
				044094B12AA710EE00FC08B7 /* SampleProject */,
				044094C22AA710EF00FC08B7 /* SampleProjectTests */,
				044094CC2AA710EF00FC08B7 /* SampleProjectUITests */,
				044094B02AA710EE00FC08B7 /* Products */,
			);
			sourceTree = "<group>";
		};
		044094B02AA710EE00FC08B7 /* Products */ = {
			isa = PBXGroup;
			children = (
				044094AF2AA710EE00FC08B7 /* SampleProject.app */,
				044094BF2AA710EF00FC08B7 /* SampleProjectTests.xctest */,
				044094C92AA710EF00FC08B7 /* SampleProjectUITests.xctest */,
			);
			name = Products;
			sourceTree = "<group>";
		};
		044094B12AA710EE00FC08B7 /* SampleProject */ = {
			isa = PBXGroup;
			children = (
				044094F42AA758E000FC08B7 /* Views */,
				044094F32AA758C300FC08B7 /* CoreData */,
				044094F22AA758A500FC08B7 /* Observables */,
				044094ED2AA74C0400FC08B7 /* Provider */,
				044094EC2AA74A6B00FC08B7 /* Model */,
				044094DC2AA7140C00FC08B7 /* Info.plist */,
				044094B22AA710EE00FC08B7 /* SampleProjectApp.swift */,
				044094B42AA710EE00FC08B7 /* ContentView.swift */,
				044094B62AA710EF00FC08B7 /* Assets.xcassets */,
				044094B82AA710EF00FC08B7 /* Preview Content */,
			);
			path = SampleProject;
			sourceTree = "<group>";
		};
		044094B82AA710EF00FC08B7 /* Preview Content */ = {
			isa = PBXGroup;
			children = (
				044094B92AA710EF00FC08B7 /* Preview Assets.xcassets */,
			);
			path = "Preview Content";
			sourceTree = "<group>";
		};
		044094C22AA710EF00FC08B7 /* SampleProjectTests */ = {
			isa = PBXGroup;
			children = (
				044094C32AA710EF00FC08B7 /* SampleProjectTests.swift */,
			);
			path = SampleProjectTests;
			sourceTree = "<group>";
		};
		044094CC2AA710EF00FC08B7 /* SampleProjectUITests */ = {
			isa = PBXGroup;
			children = (
				044094CD2AA710EF00FC08B7 /* SampleProjectUITests.swift */,
				044094CF2AA710EF00FC08B7 /* SampleProjectUITestsLaunchTests.swift */,
			);
			path = SampleProjectUITests;
			sourceTree = "<group>";
		};
		044094EC2AA74A6B00FC08B7 /* Model */ = {
			isa = PBXGroup;
			children = (
				04A24AD12AA80ED900DADDC5 /* Api */,
				044094EA2AA74A3300FC08B7 /* Todo.swift */,
			);
			path = Model;
			sourceTree = "<group>";
		};
		044094ED2AA74C0400FC08B7 /* Provider */ = {
			isa = PBXGroup;
			children = (
				044094EE2AA74C1C00FC08B7 /* TodoProvider.swift */,
			);
			path = Provider;
			sourceTree = "<group>";
		};
		044094F22AA758A500FC08B7 /* Observables */ = {
			isa = PBXGroup;
			children = (
				04A24ACE2AA80D7700DADDC5 /* Api */,
				044094F52AA7593E00FC08B7 /* TodoObservable.swift */,
			);
			path = Observables;
			sourceTree = "<group>";
		};
		044094F32AA758C300FC08B7 /* CoreData */ = {
			isa = PBXGroup;
			children = (
				044094E72AA748D900FC08B7 /* TodosDataModel.xcdatamodeld */,
			);
			path = CoreData;
			sourceTree = "<group>";
		};
		044094F42AA758E000FC08B7 /* Views */ = {
			isa = PBXGroup;
			children = (
				04C2CF722AA815B700F1B7B5 /* Api */,
				044094F02AA7505E00FC08B7 /* TodoRowView.swift */,
				044094DF2AA7317200FC08B7 /* CreateView.swift */,
				044094F72AA76B0100FC08B7 /* UpdateView.swift */,
			);
			path = Views;
			sourceTree = "<group>";
		};
		04A24ACE2AA80D7700DADDC5 /* Api */ = {
			isa = PBXGroup;
			children = (
				04A24ACF2AA80D8D00DADDC5 /* UserViewModel.swift */,
				04C2CF702AA8144300F1B7B5 /* TodoViewModel.swift */,
			);
			path = Api;
			sourceTree = "<group>";
		};
		04A24AD12AA80ED900DADDC5 /* Api */ = {
			isa = PBXGroup;
			children = (
				04A24AD22AA80EE400DADDC5 /* Users.swift */,
				04C2CF6E2AA813F400F1B7B5 /* ATodo.swift */,
				04C2CF762AA824BB00F1B7B5 /* Joke.swift */,
			);
			path = Api;
			sourceTree = "<group>";
		};
		04C2CF722AA815B700F1B7B5 /* Api */ = {
			isa = PBXGroup;
			children = (
				04C2CF742AA815D100F1B7B5 /* ATodoRowView.swift */,
			);
			path = Api;
			sourceTree = "<group>";
		};
/* End PBXGroup section */

/* Begin PBXNativeTarget section */
		044094AE2AA710EE00FC08B7 /* SampleProject */ = {
			isa = PBXNativeTarget;
			buildConfigurationList = 044094D32AA710EF00FC08B7 /* Build configuration list for PBXNativeTarget "SampleProject" */;
			buildPhases = (
				044094AB2AA710EE00FC08B7 /* Sources */,
				044094AC2AA710EE00FC08B7 /* Frameworks */,
				044094AD2AA710EE00FC08B7 /* Resources */,
			);
			buildRules = (
			);
			dependencies = (
			);
			name = SampleProject;
			productName = SampleProject;
			productReference = 044094AF2AA710EE00FC08B7 /* SampleProject.app */;
			productType = "com.apple.product-type.application";
		};
		044094BE2AA710EF00FC08B7 /* SampleProjectTests */ = {
			isa = PBXNativeTarget;
			buildConfigurationList = 044094D62AA710EF00FC08B7 /* Build configuration list for PBXNativeTarget "SampleProjectTests" */;
			buildPhases = (
				044094BB2AA710EF00FC08B7 /* Sources */,
				044094BC2AA710EF00FC08B7 /* Frameworks */,
				044094BD2AA710EF00FC08B7 /* Resources */,
			);
			buildRules = (
			);
			dependencies = (
				044094C12AA710EF00FC08B7 /* PBXTargetDependency */,
			);
			name = SampleProjectTests;
			productName = SampleProjectTests;
			productReference = 044094BF2AA710EF00FC08B7 /* SampleProjectTests.xctest */;
			productType = "com.apple.product-type.bundle.unit-test";
		};
		044094C82AA710EF00FC08B7 /* SampleProjectUITests */ = {
			isa = PBXNativeTarget;
			buildConfigurationList = 044094D92AA710EF00FC08B7 /* Build configuration list for PBXNativeTarget "SampleProjectUITests" */;
			buildPhases = (
				044094C52AA710EF00FC08B7 /* Sources */,
				044094C62AA710EF00FC08B7 /* Frameworks */,
				044094C72AA710EF00FC08B7 /* Resources */,
			);
			buildRules = (
			);
			dependencies = (
				044094CB2AA710EF00FC08B7 /* PBXTargetDependency */,
			);
			name = SampleProjectUITests;
			productName = SampleProjectUITests;
			productReference = 044094C92AA710EF00FC08B7 /* SampleProjectUITests.xctest */;
			productType = "com.apple.product-type.bundle.ui-testing";
		};
/* End PBXNativeTarget section */

/* Begin PBXProject section */
		044094A72AA710EE00FC08B7 /* Project object */ = {
			isa = PBXProject;
			attributes = {
				BuildIndependentTargetsInParallel = 1;
				LastSwiftUpdateCheck = 1430;
				LastUpgradeCheck = 1430;
				TargetAttributes = {
					044094AE2AA710EE00FC08B7 = {
						CreatedOnToolsVersion = 14.3.1;
					};
					044094BE2AA710EF00FC08B7 = {
						CreatedOnToolsVersion = 14.3.1;
						TestTargetID = 044094AE2AA710EE00FC08B7;
					};
					044094C82AA710EF00FC08B7 = {
						CreatedOnToolsVersion = 14.3.1;
						TestTargetID = 044094AE2AA710EE00FC08B7;
					};
				};
			};
			buildConfigurationList = 044094AA2AA710EE00FC08B7 /* Build configuration list for PBXProject "SampleProject" */;
			compatibilityVersion = "Xcode 14.0";
			developmentRegion = en;
			hasScannedForEncodings = 0;
			knownRegions = (
				en,
				Base,
			);
			mainGroup = 044094A62AA710EE00FC08B7;
			productRefGroup = 044094B02AA710EE00FC08B7 /* Products */;
			projectDirPath = "";
			projectRoot = "";
			targets = (
				044094AE2AA710EE00FC08B7 /* SampleProject */,
				044094BE2AA710EF00FC08B7 /* SampleProjectTests */,
				044094C82AA710EF00FC08B7 /* SampleProjectUITests */,
			);
		};
/* End PBXProject section */

/* Begin PBXResourcesBuildPhase section */
		044094AD2AA710EE00FC08B7 /* Resources */ = {
			isa = PBXResourcesBuildPhase;
			buildActionMask = 2147483647;
			files = (
				044094BA2AA710EF00FC08B7 /* Preview Assets.xcassets in Resources */,
				044094B72AA710EF00FC08B7 /* Assets.xcassets in Resources */,
			);
			runOnlyForDeploymentPostprocessing = 0;
		};
		044094BD2AA710EF00FC08B7 /* Resources */ = {
			isa = PBXResourcesBuildPhase;
			buildActionMask = 2147483647;
			files = (
			);
			runOnlyForDeploymentPostprocessing = 0;
		};
		044094C72AA710EF00FC08B7 /* Resources */ = {
			isa = PBXResourcesBuildPhase;
			buildActionMask = 2147483647;
			files = (
			);
			runOnlyForDeploymentPostprocessing = 0;
		};
/* End PBXResourcesBuildPhase section */

/* Begin PBXSourcesBuildPhase section */
		044094AB2AA710EE00FC08B7 /* Sources */ = {
			isa = PBXSourcesBuildPhase;
			buildActionMask = 2147483647;
			files = (
				044094E92AA748D900FC08B7 /* TodosDataModel.xcdatamodeld in Sources */,
				044094B52AA710EE00FC08B7 /* ContentView.swift in Sources */,
				044094F62AA7593E00FC08B7 /* TodoObservable.swift in Sources */,
				04A24AD02AA80D8D00DADDC5 /* UserViewModel.swift in Sources */,
				044094F12AA7505E00FC08B7 /* TodoRowView.swift in Sources */,
				044094EF2AA74C1C00FC08B7 /* TodoProvider.swift in Sources */,
				04C2CF712AA8144300F1B7B5 /* TodoViewModel.swift in Sources */,
				044094B32AA710EE00FC08B7 /* SampleProjectApp.swift in Sources */,
				044094E02AA7317200FC08B7 /* CreateView.swift in Sources */,
				04C2CF752AA815D100F1B7B5 /* ATodoRowView.swift in Sources */,
				044094F82AA76B0100FC08B7 /* UpdateView.swift in Sources */,
				04C2CF772AA824BB00F1B7B5 /* Joke.swift in Sources */,
				04C2CF6F2AA813F400F1B7B5 /* ATodo.swift in Sources */,
				044094EB2AA74A3300FC08B7 /* Todo.swift in Sources */,
				04A24AD32AA80EE400DADDC5 /* Users.swift in Sources */,
			);
			runOnlyForDeploymentPostprocessing = 0;
		};
		044094BB2AA710EF00FC08B7 /* Sources */ = {
			isa = PBXSourcesBuildPhase;
			buildActionMask = 2147483647;
			files = (
				044094C42AA710EF00FC08B7 /* SampleProjectTests.swift in Sources */,
			);
			runOnlyForDeploymentPostprocessing = 0;
		};
		044094C52AA710EF00FC08B7 /* Sources */ = {
			isa = PBXSourcesBuildPhase;
			buildActionMask = 2147483647;
			files = (
				044094D02AA710EF00FC08B7 /* SampleProjectUITestsLaunchTests.swift in Sources */,
				044094CE2AA710EF00FC08B7 /* SampleProjectUITests.swift in Sources */,
			);
			runOnlyForDeploymentPostprocessing = 0;
		};
/* End PBXSourcesBuildPhase section */

/* Begin PBXTargetDependency section */
		044094C12AA710EF00FC08B7 /* PBXTargetDependency */ = {
			isa = PBXTargetDependency;
			target = 044094AE2AA710EE00FC08B7 /* SampleProject */;
			targetProxy = 044094C02AA710EF00FC08B7 /* PBXContainerItemProxy */;
		};
		044094CB2AA710EF00FC08B7 /* PBXTargetDependency */ = {
			isa = PBXTargetDependency;
			target = 044094AE2AA710EE00FC08B7 /* SampleProject */;
			targetProxy = 044094CA2AA710EF00FC08B7 /* PBXContainerItemProxy */;
		};
/* End PBXTargetDependency section */

/* Begin XCBuildConfiguration section */
		044094D12AA710EF00FC08B7 /* Debug */ = {
			isa = XCBuildConfiguration;
			buildSettings = {
				ALWAYS_SEARCH_USER_PATHS = NO;
				CLANG_ANALYZER_NONNULL = YES;
				CLANG_ANALYZER_NUMBER_OBJECT_CONVERSION = YES_AGGRESSIVE;
				CLANG_CXX_LANGUAGE_STANDARD = "gnu++20";
				CLANG_ENABLE_MODULES = YES;
				CLANG_ENABLE_OBJC_ARC = YES;
				CLANG_ENABLE_OBJC_WEAK = YES;
				CLANG_WARN_BLOCK_CAPTURE_AUTORELEASING = YES;
				CLANG_WARN_BOOL_CONVERSION = YES;
				CLANG_WARN_COMMA = YES;
				CLANG_WARN_CONSTANT_CONVERSION = YES;
				CLANG_WARN_DEPRECATED_OBJC_IMPLEMENTATIONS = YES;
				CLANG_WARN_DIRECT_OBJC_ISA_USAGE = YES_ERROR;
				CLANG_WARN_DOCUMENTATION_COMMENTS = YES;
				CLANG_WARN_EMPTY_BODY = YES;
				CLANG_WARN_ENUM_CONVERSION = YES;
				CLANG_WARN_INFINITE_RECURSION = YES;
				CLANG_WARN_INT_CONVERSION = YES;
				CLANG_WARN_NON_LITERAL_NULL_CONVERSION = YES;
				CLANG_WARN_OBJC_IMPLICIT_RETAIN_SELF = YES;
				CLANG_WARN_OBJC_LITERAL_CONVERSION = YES;
				CLANG_WARN_OBJC_ROOT_CLASS = YES_ERROR;
				CLANG_WARN_QUOTED_INCLUDE_IN_FRAMEWORK_HEADER = YES;
				CLANG_WARN_RANGE_LOOP_ANALYSIS = YES;
				CLANG_WARN_STRICT_PROTOTYPES = YES;
				CLANG_WARN_SUSPICIOUS_MOVE = YES;
				CLANG_WARN_UNGUARDED_AVAILABILITY = YES_AGGRESSIVE;
				CLANG_WARN_UNREACHABLE_CODE = YES;
				CLANG_WARN__DUPLICATE_METHOD_MATCH = YES;
				COPY_PHASE_STRIP = NO;
				DEBUG_INFORMATION_FORMAT = dwarf;
				ENABLE_STRICT_OBJC_MSGSEND = YES;
				ENABLE_TESTABILITY = YES;
				GCC_C_LANGUAGE_STANDARD = gnu11;
				GCC_DYNAMIC_NO_PIC = NO;
				GCC_NO_COMMON_BLOCKS = YES;
				GCC_OPTIMIZATION_LEVEL = 0;
				GCC_PREPROCESSOR_DEFINITIONS = (
					"DEBUG=1",
					"$(inherited)",
				);
				GCC_WARN_64_TO_32_BIT_CONVERSION = YES;
				GCC_WARN_ABOUT_RETURN_TYPE = YES_ERROR;
				GCC_WARN_UNDECLARED_SELECTOR = YES;
				GCC_WARN_UNINITIALIZED_AUTOS = YES_AGGRESSIVE;
				GCC_WARN_UNUSED_FUNCTION = YES;
				GCC_WARN_UNUSED_VARIABLE = YES;
				IPHONEOS_DEPLOYMENT_TARGET = 16.4;
				MTL_ENABLE_DEBUG_INFO = INCLUDE_SOURCE;
				MTL_FAST_MATH = YES;
				ONLY_ACTIVE_ARCH = YES;
				SDKROOT = iphoneos;
				SWIFT_ACTIVE_COMPILATION_CONDITIONS = DEBUG;
				SWIFT_OPTIMIZATION_LEVEL = "-Onone";
			};
			name = Debug;
		};
		044094D22AA710EF00FC08B7 /* Release */ = {
			isa = XCBuildConfiguration;
			buildSettings = {
				ALWAYS_SEARCH_USER_PATHS = NO;
				CLANG_ANALYZER_NONNULL = YES;
				CLANG_ANALYZER_NUMBER_OBJECT_CONVERSION = YES_AGGRESSIVE;
				CLANG_CXX_LANGUAGE_STANDARD = "gnu++20";
				CLANG_ENABLE_MODULES = YES;
				CLANG_ENABLE_OBJC_ARC = YES;
				CLANG_ENABLE_OBJC_WEAK = YES;
				CLANG_WARN_BLOCK_CAPTURE_AUTORELEASING = YES;
				CLANG_WARN_BOOL_CONVERSION = YES;
				CLANG_WARN_COMMA = YES;
				CLANG_WARN_CONSTANT_CONVERSION = YES;
				CLANG_WARN_DEPRECATED_OBJC_IMPLEMENTATIONS = YES;
				CLANG_WARN_DIRECT_OBJC_ISA_USAGE = YES_ERROR;
				CLANG_WARN_DOCUMENTATION_COMMENTS = YES;
				CLANG_WARN_EMPTY_BODY = YES;
				CLANG_WARN_ENUM_CONVERSION = YES;
				CLANG_WARN_INFINITE_RECURSION = YES;
				CLANG_WARN_INT_CONVERSION = YES;
				CLANG_WARN_NON_LITERAL_NULL_CONVERSION = YES;
				CLANG_WARN_OBJC_IMPLICIT_RETAIN_SELF = YES;
				CLANG_WARN_OBJC_LITERAL_CONVERSION = YES;
				CLANG_WARN_OBJC_ROOT_CLASS = YES_ERROR;
				CLANG_WARN_QUOTED_INCLUDE_IN_FRAMEWORK_HEADER = YES;
				CLANG_WARN_RANGE_LOOP_ANALYSIS = YES;
				CLANG_WARN_STRICT_PROTOTYPES = YES;
				CLANG_WARN_SUSPICIOUS_MOVE = YES;
				CLANG_WARN_UNGUARDED_AVAILABILITY = YES_AGGRESSIVE;
				CLANG_WARN_UNREACHABLE_CODE = YES;
				CLANG_WARN__DUPLICATE_METHOD_MATCH = YES;
				COPY_PHASE_STRIP = NO;
				DEBUG_INFORMATION_FORMAT = "dwarf-with-dsym";
				ENABLE_NS_ASSERTIONS = NO;
				ENABLE_STRICT_OBJC_MSGSEND = YES;
				GCC_C_LANGUAGE_STANDARD = gnu11;
				GCC_NO_COMMON_BLOCKS = YES;
				GCC_WARN_64_TO_32_BIT_CONVERSION = YES;
				GCC_WARN_ABOUT_RETURN_TYPE = YES_ERROR;
				GCC_WARN_UNDECLARED_SELECTOR = YES;
				GCC_WARN_UNINITIALIZED_AUTOS = YES_AGGRESSIVE;
				GCC_WARN_UNUSED_FUNCTION = YES;
				GCC_WARN_UNUSED_VARIABLE = YES;
				IPHONEOS_DEPLOYMENT_TARGET = 16.4;
				MTL_ENABLE_DEBUG_INFO = NO;
				MTL_FAST_MATH = YES;
				SDKROOT = iphoneos;
				SWIFT_COMPILATION_MODE = wholemodule;
				SWIFT_OPTIMIZATION_LEVEL = "-O";
				VALIDATE_PRODUCT = YES;
			};
			name = Release;
		};
		044094D42AA710EF00FC08B7 /* Debug */ = {
			isa = XCBuildConfiguration;
			buildSettings = {
				ASSETCATALOG_COMPILER_APPICON_NAME = AppIcon;
				ASSETCATALOG_COMPILER_GLOBAL_ACCENT_COLOR_NAME = AccentColor;
				CODE_SIGN_STYLE = Automatic;
				CURRENT_PROJECT_VERSION = 1;
				DEVELOPMENT_ASSET_PATHS = "\"SampleProject/Preview Content\"";
				DEVELOPMENT_TEAM = D43GXC3NQD;
				ENABLE_PREVIEWS = YES;
				GENERATE_INFOPLIST_FILE = YES;
				INFOPLIST_FILE = SampleProject/Info.plist;
				INFOPLIST_KEY_UIApplicationSceneManifest_Generation = YES;
				INFOPLIST_KEY_UIApplicationSupportsIndirectInputEvents = YES;
				INFOPLIST_KEY_UILaunchScreen_Generation = YES;
				INFOPLIST_KEY_UISupportedInterfaceOrientations_iPad = "UIInterfaceOrientationPortrait UIInterfaceOrientationPortraitUpsideDown UIInterfaceOrientationLandscapeLeft UIInterfaceOrientationLandscapeRight";
				INFOPLIST_KEY_UISupportedInterfaceOrientations_iPhone = "UIInterfaceOrientationPortrait UIInterfaceOrientationLandscapeLeft UIInterfaceOrientationLandscapeRight";
				LD_RUNPATH_SEARCH_PATHS = (
					"$(inherited)",
					"@executable_path/Frameworks",
				);
				MARKETING_VERSION = 1.0;
				PRODUCT_BUNDLE_IDENTIFIER = com.demo.sample.SampleProject;
				PRODUCT_NAME = "$(TARGET_NAME)";
				SWIFT_EMIT_LOC_STRINGS = YES;
				SWIFT_VERSION = 5.0;
				TARGETED_DEVICE_FAMILY = "1,2";
			};
			name = Debug;
		};
		044094D52AA710EF00FC08B7 /* Release */ = {
			isa = XCBuildConfiguration;
			buildSettings = {
				ASSETCATALOG_COMPILER_APPICON_NAME = AppIcon;
				ASSETCATALOG_COMPILER_GLOBAL_ACCENT_COLOR_NAME = AccentColor;
				CODE_SIGN_STYLE = Automatic;
				CURRENT_PROJECT_VERSION = 1;
				DEVELOPMENT_ASSET_PATHS = "\"SampleProject/Preview Content\"";
				DEVELOPMENT_TEAM = D43GXC3NQD;
				ENABLE_PREVIEWS = YES;
				GENERATE_INFOPLIST_FILE = YES;
				INFOPLIST_FILE = SampleProject/Info.plist;
				INFOPLIST_KEY_UIApplicationSceneManifest_Generation = YES;
				INFOPLIST_KEY_UIApplicationSupportsIndirectInputEvents = YES;
				INFOPLIST_KEY_UILaunchScreen_Generation = YES;
				INFOPLIST_KEY_UISupportedInterfaceOrientations_iPad = "UIInterfaceOrientationPortrait UIInterfaceOrientationPortraitUpsideDown UIInterfaceOrientationLandscapeLeft UIInterfaceOrientationLandscapeRight";
				INFOPLIST_KEY_UISupportedInterfaceOrientations_iPhone = "UIInterfaceOrientationPortrait UIInterfaceOrientationLandscapeLeft UIInterfaceOrientationLandscapeRight";
				LD_RUNPATH_SEARCH_PATHS = (
					"$(inherited)",
					"@executable_path/Frameworks",
				);
				MARKETING_VERSION = 1.0;
				PRODUCT_BUNDLE_IDENTIFIER = com.demo.sample.SampleProject;
				PRODUCT_NAME = "$(TARGET_NAME)";
				SWIFT_EMIT_LOC_STRINGS = YES;
				SWIFT_VERSION = 5.0;
				TARGETED_DEVICE_FAMILY = "1,2";
			};
			name = Release;
		};
		044094D72AA710EF00FC08B7 /* Debug */ = {
			isa = XCBuildConfiguration;
			buildSettings = {
				ALWAYS_EMBED_SWIFT_STANDARD_LIBRARIES = YES;
				BUNDLE_LOADER = "$(TEST_HOST)";
				CODE_SIGN_STYLE = Automatic;
				CURRENT_PROJECT_VERSION = 1;
				DEVELOPMENT_TEAM = D43GXC3NQD;
				GENERATE_INFOPLIST_FILE = YES;
				IPHONEOS_DEPLOYMENT_TARGET = 16.4;
				MARKETING_VERSION = 1.0;
				PRODUCT_BUNDLE_IDENTIFIER = com.demo.sample.SampleProjectTests;
				PRODUCT_NAME = "$(TARGET_NAME)";
				SWIFT_EMIT_LOC_STRINGS = NO;
				SWIFT_VERSION = 5.0;
				TARGETED_DEVICE_FAMILY = "1,2";
				TEST_HOST = "$(BUILT_PRODUCTS_DIR)/SampleProject.app/$(BUNDLE_EXECUTABLE_FOLDER_PATH)/SampleProject";
			};
			name = Debug;
		};
		044094D82AA710EF00FC08B7 /* Release */ = {
			isa = XCBuildConfiguration;
			buildSettings = {
				ALWAYS_EMBED_SWIFT_STANDARD_LIBRARIES = YES;
				BUNDLE_LOADER = "$(TEST_HOST)";
				CODE_SIGN_STYLE = Automatic;
				CURRENT_PROJECT_VERSION = 1;
				DEVELOPMENT_TEAM = D43GXC3NQD;
				GENERATE_INFOPLIST_FILE = YES;
				IPHONEOS_DEPLOYMENT_TARGET = 16.4;
				MARKETING_VERSION = 1.0;
				PRODUCT_BUNDLE_IDENTIFIER = com.demo.sample.SampleProjectTests;
				PRODUCT_NAME = "$(TARGET_NAME)";
				SWIFT_EMIT_LOC_STRINGS = NO;
				SWIFT_VERSION = 5.0;
				TARGETED_DEVICE_FAMILY = "1,2";
				TEST_HOST = "$(BUILT_PRODUCTS_DIR)/SampleProject.app/$(BUNDLE_EXECUTABLE_FOLDER_PATH)/SampleProject";
			};
			name = Release;
		};
		044094DA2AA710EF00FC08B7 /* Debug */ = {
			isa = XCBuildConfiguration;
			buildSettings = {
				ALWAYS_EMBED_SWIFT_STANDARD_LIBRARIES = YES;
				CODE_SIGN_STYLE = Automatic;
				CURRENT_PROJECT_VERSION = 1;
				DEVELOPMENT_TEAM = D43GXC3NQD;
				GENERATE_INFOPLIST_FILE = YES;
				MARKETING_VERSION = 1.0;
				PRODUCT_BUNDLE_IDENTIFIER = com.demo.sample.SampleProjectUITests;
				PRODUCT_NAME = "$(TARGET_NAME)";
				SWIFT_EMIT_LOC_STRINGS = NO;
				SWIFT_VERSION = 5.0;
				TARGETED_DEVICE_FAMILY = "1,2";
				TEST_TARGET_NAME = SampleProject;
			};
			name = Debug;
		};
		044094DB2AA710EF00FC08B7 /* Release */ = {
			isa = XCBuildConfiguration;
			buildSettings = {
				ALWAYS_EMBED_SWIFT_STANDARD_LIBRARIES = YES;
				CODE_SIGN_STYLE = Automatic;
				CURRENT_PROJECT_VERSION = 1;
				DEVELOPMENT_TEAM = D43GXC3NQD;
				GENERATE_INFOPLIST_FILE = YES;
				MARKETING_VERSION = 1.0;
				PRODUCT_BUNDLE_IDENTIFIER = com.demo.sample.SampleProjectUITests;
				PRODUCT_NAME = "$(TARGET_NAME)";
				SWIFT_EMIT_LOC_STRINGS = NO;
				SWIFT_VERSION = 5.0;
				TARGETED_DEVICE_FAMILY = "1,2";
				TEST_TARGET_NAME = SampleProject;
			};
			name = Release;
		};
/* End XCBuildConfiguration section */

/* Begin XCConfigurationList section */
		044094AA2AA710EE00FC08B7 /* Build configuration list for PBXProject "SampleProject" */ = {
			isa = XCConfigurationList;
			buildConfigurations = (
				044094D12AA710EF00FC08B7 /* Debug */,
				044094D22AA710EF00FC08B7 /* Release */,
			);
			defaultConfigurationIsVisible = 0;
			defaultConfigurationName = Release;
		};
		044094D32AA710EF00FC08B7 /* Build configuration list for PBXNativeTarget "SampleProject" */ = {
			isa = XCConfigurationList;
			buildConfigurations = (
				044094D42AA710EF00FC08B7 /* Debug */,
				044094D52AA710EF00FC08B7 /* Release */,
			);
			defaultConfigurationIsVisible = 0;
			defaultConfigurationName = Release;
		};
		044094D62AA710EF00FC08B7 /* Build configuration list for PBXNativeTarget "SampleProjectTests" */ = {
			isa = XCConfigurationList;
			buildConfigurations = (
				044094D72AA710EF00FC08B7 /* Debug */,
				044094D82AA710EF00FC08B7 /* Release */,
			);
			defaultConfigurationIsVisible = 0;
			defaultConfigurationName = Release;
		};
		044094D92AA710EF00FC08B7 /* Build configuration list for PBXNativeTarget "SampleProjectUITests" */ = {
			isa = XCConfigurationList;
			buildConfigurations = (
				044094DA2AA710EF00FC08B7 /* Debug */,
				044094DB2AA710EF00FC08B7 /* Release */,
			);
			defaultConfigurationIsVisible = 0;
			defaultConfigurationName = Release;
		};
/* End XCConfigurationList section */

/* Begin XCVersionGroup section */
		044094E72AA748D900FC08B7 /* TodosDataModel.xcdatamodeld */ = {
			isa = XCVersionGroup;
			children = (
				044094E82AA748D900FC08B7 /* TodosDataModel.xcdatamodel */,
			);
			currentVersion = 044094E82AA748D900FC08B7 /* TodosDataModel.xcdatamodel */;
			path = TodosDataModel.xcdatamodeld;
			sourceTree = "<group>";
			versionGroupType = wrapper.xcdatamodel;
		};
/* End XCVersionGroup section */
	};
	rootObject = 044094A72AA710EE00FC08B7 /* Project object */;
}
